
Microsoft Visual Studio Solution File, Format Version 12.00
# Visual Studio Version 17
VisualStudioVersion = 17.7.34221.43
MinimumVisualStudioVersion = 10.0.40219.1
Project("{FAE04EC0-301F-11D3-BF4B-00C04F79EFBC}") = "LibraryAssigment", "LibraryAssigment\LibraryAssigment.csproj", "{2EB03B48-138B-4527-9D56-FE8C91337E45}"
EndProject
Global
	GlobalSection(SolutionConfigurationPlatforms) = preSolution
		Debug|Any CPU = Debug|Any CPU
		Release|Any CPU = Release|Any CPU
	EndGlobalSection
	GlobalSection(ProjectConfigurationPlatforms) = postSolution
		{2EB03B48-138B-4527-9D56-FE8C91337E45}.Debug|Any CPU.ActiveCfg = Debug|Any CPU
		{2EB03B48-138B-4527-9D56-FE8C91337E45}.Debug|Any CPU.Build.0 = Debug|Any CPU
		{2EB03B48-138B-4527-9D56-FE8C91337E45}.Release|Any CPU.ActiveCfg = Release|Any CPU
		{2EB03B48-138B-4527-9D56-FE8C91337E45}.Release|Any CPU.Build.0 = Release|Any CPU
	EndGlobalSection
	GlobalSection(SolutionProperties) = preSolution
		HideSolutionNode = FALSE
	EndGlobalSection
	GlobalSection(ExtensibilityGlobals) = postSolution
		SolutionGuid = {8BA27364-1320-4F09-8011-70D1CCACE056}
	EndGlobalSection
EndGlobal
